// !$*UTF8*$!
{
	archiveVersion = 1;
	classes = {
	};
	objectVersion = 55;
	objects = {

/* Begin PBXBuildFile section */
		F09A5F4D287B9E650096F06E /* main.cpp in Sources */ = {isa = PBXBuildFile; fileRef = F09A5F4C287B9E650096F06E /* main.cpp */; };
		F09A5F59287B9EAF0096F06E /* libsfml-audio.2.5.1.dylib in Frameworks */ = {isa = PBXBuildFile; fileRef = F09A5F54287B9EAF0096F06E /* libsfml-audio.2.5.1.dylib */; };
		F09A5F5A287B9EAF0096F06E /* libsfml-audio.2.5.1.dylib in Embed Libraries */ = {isa = PBXBuildFile; fileRef = F09A5F54287B9EAF0096F06E /* libsfml-audio.2.5.1.dylib */; settings = {ATTRIBUTES = (CodeSignOnCopy, ); }; };
		F09A5F5B287B9EAF0096F06E /* libsfml-system.2.5.1.dylib in Frameworks */ = {isa = PBXBuildFile; fileRef = F09A5F55287B9EAF0096F06E /* libsfml-system.2.5.1.dylib */; };
		F09A5F5C287B9EAF0096F06E /* libsfml-system.2.5.1.dylib in Embed Libraries */ = {isa = PBXBuildFile; fileRef = F09A5F55287B9EAF0096F06E /* libsfml-system.2.5.1.dylib */; settings = {ATTRIBUTES = (CodeSignOnCopy, ); }; };
		F09A5F5D287B9EAF0096F06E /* libsfml-network.2.5.1.dylib in Frameworks */ = {isa = PBXBuildFile; fileRef = F09A5F56287B9EAF0096F06E /* libsfml-network.2.5.1.dylib */; };
		F09A5F5E287B9EAF0096F06E /* libsfml-network.2.5.1.dylib in Embed Libraries */ = {isa = PBXBuildFile; fileRef = F09A5F56287B9EAF0096F06E /* libsfml-network.2.5.1.dylib */; settings = {ATTRIBUTES = (CodeSignOnCopy, ); }; };
		F09A5F5F287B9EAF0096F06E /* libsfml-graphics.2.5.1.dylib in Frameworks */ = {isa = PBXBuildFile; fileRef = F09A5F57287B9EAF0096F06E /* libsfml-graphics.2.5.1.dylib */; };
		F09A5F60287B9EAF0096F06E /* libsfml-graphics.2.5.1.dylib in Embed Libraries */ = {isa = PBXBuildFile; fileRef = F09A5F57287B9EAF0096F06E /* libsfml-graphics.2.5.1.dylib */; settings = {ATTRIBUTES = (CodeSignOnCopy, ); }; };
		F09A5F61287B9EAF0096F06E /* libsfml-window.2.5.1.dylib in Frameworks */ = {isa = PBXBuildFile; fileRef = F09A5F58287B9EAF0096F06E /* libsfml-window.2.5.1.dylib */; };
		F09A5F62287B9EAF0096F06E /* libsfml-window.2.5.1.dylib in Embed Libraries */ = {isa = PBXBuildFile; fileRef = F09A5F58287B9EAF0096F06E /* libsfml-window.2.5.1.dylib */; settings = {ATTRIBUTES = (CodeSignOnCopy, ); }; };
/* End PBXBuildFile section */

/* Begin PBXCopyFilesBuildPhase section */
		F09A5F47287B9E650096F06E /* CopyFiles */ = {
			isa = PBXCopyFilesBuildPhase;
			buildActionMask = 2147483647;
			dstPath = /usr/share/man/man1/;
			dstSubfolderSpec = 0;
			files = (
			);
			runOnlyForDeploymentPostprocessing = 1;
		};
		F09A5F63287B9EAF0096F06E /* Embed Libraries */ = {
			isa = PBXCopyFilesBuildPhase;
			buildActionMask = 2147483647;
			dstPath = "";
			dstSubfolderSpec = 10;
			files = (
				F09A5F5E287B9EAF0096F06E /* libsfml-network.2.5.1.dylib in Embed Libraries */,
				F09A5F5A287B9EAF0096F06E /* libsfml-audio.2.5.1.dylib in Embed Libraries */,
				F09A5F62287B9EAF0096F06E /* libsfml-window.2.5.1.dylib in Embed Libraries */,
				F09A5F5C287B9EAF0096F06E /* libsfml-system.2.5.1.dylib in Embed Libraries */,
				F09A5F60287B9EAF0096F06E /* libsfml-graphics.2.5.1.dylib in Embed Libraries */,
			);
			name = "Embed Libraries";
			runOnlyForDeploymentPostprocessing = 0;
		};
/* End PBXCopyFilesBuildPhase section */

/* Begin PBXFileReference section */
		F09A5F49287B9E650096F06E /* Sense */ = {isa = PBXFileReference; explicitFileType = "compiled.mach-o.executable"; includeInIndex = 0; path = Sense; sourceTree = BUILT_PRODUCTS_DIR; };
		F09A5F4C287B9E650096F06E /* main.cpp */ = {isa = PBXFileReference; lastKnownFileType = sourcecode.cpp.cpp; path = main.cpp; sourceTree = "<group>"; };
		F09A5F54287B9EAF0096F06E /* libsfml-audio.2.5.1.dylib */ = {isa = PBXFileReference; lastKnownFileType = "compiled.mach-o.dylib"; name = "libsfml-audio.2.5.1.dylib"; path = "../../../../../../usr/local/Cellar/sfml/2.5.1_1/lib/libsfml-audio.2.5.1.dylib"; sourceTree = "<group>"; };
		F09A5F55287B9EAF0096F06E /* libsfml-system.2.5.1.dylib */ = {isa = PBXFileReference; lastKnownFileType = "compiled.mach-o.dylib"; name = "libsfml-system.2.5.1.dylib"; path = "../../../../../../usr/local/Cellar/sfml/2.5.1_1/lib/libsfml-system.2.5.1.dylib"; sourceTree = "<group>"; };
		F09A5F56287B9EAF0096F06E /* libsfml-network.2.5.1.dylib */ = {isa = PBXFileReference; lastKnownFileType = "compiled.mach-o.dylib"; name = "libsfml-network.2.5.1.dylib"; path = "../../../../../../usr/local/Cellar/sfml/2.5.1_1/lib/libsfml-network.2.5.1.dylib"; sourceTree = "<group>"; };
		F09A5F57287B9EAF0096F06E /* libsfml-graphics.2.5.1.dylib */ = {isa = PBXFileReference; lastKnownFileType = "compiled.mach-o.dylib"; name = "libsfml-graphics.2.5.1.dylib"; path = "../../../../../../usr/local/Cellar/sfml/2.5.1_1/lib/libsfml-graphics.2.5.1.dylib"; sourceTree = "<group>"; };
		F09A5F58287B9EAF0096F06E /* libsfml-window.2.5.1.dylib */ = {isa = PBXFileReference; lastKnownFileType = "compiled.mach-o.dylib"; name = "libsfml-window.2.5.1.dylib"; path = "../../../../../../usr/local/Cellar/sfml/2.5.1_1/lib/libsfml-window.2.5.1.dylib"; sourceTree = "<group>"; };
/* End PBXFileReference section */

/* Begin PBXFrameworksBuildPhase section */
		F09A5F46287B9E650096F06E /* Frameworks */ = {
			isa = PBXFrameworksBuildPhase;
			buildActionMask = 2147483647;
			files = (
				F09A5F5D287B9EAF0096F06E /* libsfml-network.2.5.1.dylib in Frameworks */,
				F09A5F59287B9EAF0096F06E /* libsfml-audio.2.5.1.dylib in Frameworks */,
				F09A5F61287B9EAF0096F06E /* libsfml-window.2.5.1.dylib in Frameworks */,
				F09A5F5B287B9EAF0096F06E /* libsfml-system.2.5.1.dylib in Frameworks */,
				F09A5F5F287B9EAF0096F06E /* libsfml-graphics.2.5.1.dylib in Frameworks */,
			);
			runOnlyForDeploymentPostprocessing = 0;
		};
/* End PBXFrameworksBuildPhase section */

/* Begin PBXGroup section */
		F09A5F40287B9E650096F06E = {
			isa = PBXGroup;
			children = (
				F09A5F4B287B9E650096F06E /* Sense */,
				F09A5F4A287B9E650096F06E /* Products */,
				F09A5F53287B9EAF0096F06E /* Frameworks */,
			);
			sourceTree = "<group>";
		};
		F09A5F4A287B9E650096F06E /* Products */ = {
			isa = PBXGroup;
			children = (
				F09A5F49287B9E650096F06E /* Sense */,
			);
			name = Products;
			sourceTree = "<group>";
		};
		F09A5F4B287B9E650096F06E /* Sense */ = {
			isa = PBXGroup;
			children = (
				F09A5F4C287B9E650096F06E /* main.cpp */,
			);
			path = Sense;
			sourceTree = "<group>";
		};
		F09A5F53287B9EAF0096F06E /* Frameworks */ = {
			isa = PBXGroup;
			children = (
				F09A5F54287B9EAF0096F06E /* libsfml-audio.2.5.1.dylib */,
				F09A5F57287B9EAF0096F06E /* libsfml-graphics.2.5.1.dylib */,
				F09A5F56287B9EAF0096F06E /* libsfml-network.2.5.1.dylib */,
				F09A5F55287B9EAF0096F06E /* libsfml-system.2.5.1.dylib */,
				F09A5F58287B9EAF0096F06E /* libsfml-window.2.5.1.dylib */,
			);
			name = Frameworks;
			sourceTree = "<group>";
		};
/* End PBXGroup section */

/* Begin PBXNativeTarget section */
		F09A5F48287B9E650096F06E /* Sense */ = {
			isa = PBXNativeTarget;
			buildConfigurationList = F09A5F50287B9E650096F06E /* Build configuration list for PBXNativeTarget "Sense" */;
			buildPhases = (
				F09A5F45287B9E650096F06E /* Sources */,
				F09A5F46287B9E650096F06E /* Frameworks */,
				F09A5F47287B9E650096F06E /* CopyFiles */,
				F09A5F63287B9EAF0096F06E /* Embed Libraries */,
			);
			buildRules = (
			);
			dependencies = (
			);
			name = Sense;
			productName = Sense;
			productReference = F09A5F49287B9E650096F06E /* Sense */;
			productType = "com.apple.product-type.tool";
		};
/* End PBXNativeTarget section */

/* Begin PBXProject section */
		F09A5F41287B9E650096F06E /* Project object */ = {
			isa = PBXProject;
			attributes = {
				BuildIndependentTargetsInParallel = 1;
				LastUpgradeCheck = 1320;
				TargetAttributes = {
					F09A5F48287B9E650096F06E = {
						CreatedOnToolsVersion = 13.2.1;
					};
				};
			};
			buildConfigurationList = F09A5F44287B9E650096F06E /* Build configuration list for PBXProject "Sense" */;
			compatibilityVersion = "Xcode 13.0";
			developmentRegion = en;
			hasScannedForEncodings = 0;
			knownRegions = (
				en,
				Base,
			);
			mainGroup = F09A5F40287B9E650096F06E;
			productRefGroup = F09A5F4A287B9E650096F06E /* Products */;
			projectDirPath = "";
			projectRoot = "";
			targets = (
				F09A5F48287B9E650096F06E /* Sense */,
			);
		};
/* End PBXProject section */

/* Begin PBXSourcesBuildPhase section */
		F09A5F45287B9E650096F06E /* Sources */ = {
			isa = PBXSourcesBuildPhase;
			buildActionMask = 2147483647;
			files = (
				F09A5F4D287B9E650096F06E /* main.cpp in Sources */,
			);
			runOnlyForDeploymentPostprocessing = 0;
		};
/* End PBXSourcesBuildPhase section */

/* Begin XCBuildConfiguration section */
		F09A5F4E287B9E650096F06E /* Debug */ = {
			isa = XCBuildConfiguration;
			buildSettings = {
				ALWAYS_SEARCH_USER_PATHS = NO;
				CLANG_ANALYZER_NONNULL = YES;
				CLANG_ANALYZER_NUMBER_OBJECT_CONVERSION = YES_AGGRESSIVE;
				CLANG_CXX_LANGUAGE_STANDARD = "gnu++17";
				CLANG_CXX_LIBRARY = "libc++";
				CLANG_ENABLE_MODULES = YES;
				CLANG_ENABLE_OBJC_ARC = YES;
				CLANG_ENABLE_OBJC_WEAK = YES;
				CLANG_WARN_BLOCK_CAPTURE_AUTORELEASING = YES;
				CLANG_WARN_BOOL_CONVERSION = YES;
				CLANG_WARN_COMMA = YES;
				CLANG_WARN_CONSTANT_CONVERSION = YES;
				CLANG_WARN_DEPRECATED_OBJC_IMPLEMENTATIONS = YES;
				CLANG_WARN_DIRECT_OBJC_ISA_USAGE = YES_ERROR;
				CLANG_WARN_DOCUMENTATION_COMMENTS = YES;
				CLANG_WARN_EMPTY_BODY = YES;
				CLANG_WARN_ENUM_CONVERSION = YES;
				CLANG_WARN_INFINITE_RECURSION = YES;
				CLANG_WARN_INT_CONVERSION = YES;
				CLANG_WARN_NON_LITERAL_NULL_CONVERSION = YES;
				CLANG_WARN_OBJC_IMPLICIT_RETAIN_SELF = YES;
				CLANG_WARN_OBJC_LITERAL_CONVERSION = YES;
				CLANG_WARN_OBJC_ROOT_CLASS = YES_ERROR;
				CLANG_WARN_QUOTED_INCLUDE_IN_FRAMEWORK_HEADER = YES;
				CLANG_WARN_RANGE_LOOP_ANALYSIS = YES;
				CLANG_WARN_STRICT_PROTOTYPES = YES;
				CLANG_WARN_SUSPICIOUS_MOVE = YES;
				CLANG_WARN_UNGUARDED_AVAILABILITY = YES_AGGRESSIVE;
				CLANG_WARN_UNREACHABLE_CODE = YES;
				CLANG_WARN__DUPLICATE_METHOD_MATCH = YES;
				COPY_PHASE_STRIP = NO;
				DEBUG_INFORMATION_FORMAT = dwarf;
				ENABLE_STRICT_OBJC_MSGSEND = YES;
				ENABLE_TESTABILITY = YES;
				GCC_C_LANGUAGE_STANDARD = gnu11;
				GCC_DYNAMIC_NO_PIC = NO;
				GCC_NO_COMMON_BLOCKS = YES;
				GCC_OPTIMIZATION_LEVEL = 0;
				GCC_PREPROCESSOR_DEFINITIONS = (
					"DEBUG=1",
					"$(inherited)",
				);
				GCC_WARN_64_TO_32_BIT_CONVERSION = YES;
				GCC_WARN_ABOUT_RETURN_TYPE = YES_ERROR;
				GCC_WARN_UNDECLARED_SELECTOR = YES;
				GCC_WARN_UNINITIALIZED_AUTOS = YES_AGGRESSIVE;
				GCC_WARN_UNUSED_FUNCTION = YES;
				GCC_WARN_UNUSED_VARIABLE = YES;
				MACOSX_DEPLOYMENT_TARGET = 11.4;
				MTL_ENABLE_DEBUG_INFO = INCLUDE_SOURCE;
				MTL_FAST_MATH = YES;
				ONLY_ACTIVE_ARCH = YES;
				SDKROOT = macosx;
			};
			name = Debug;
		};
		F09A5F4F287B9E650096F06E /* Release */ = {
			isa = XCBuildConfiguration;
			buildSettings = {
				ALWAYS_SEARCH_USER_PATHS = NO;
				CLANG_ANALYZER_NONNULL = YES;
				CLANG_ANALYZER_NUMBER_OBJECT_CONVERSION = YES_AGGRESSIVE;
				CLANG_CXX_LANGUAGE_STANDARD = "gnu++17";
				CLANG_CXX_LIBRARY = "libc++";
				CLANG_ENABLE_MODULES = YES;
				CLANG_ENABLE_OBJC_ARC = YES;
				CLANG_ENABLE_OBJC_WEAK = YES;
				CLANG_WARN_BLOCK_CAPTURE_AUTORELEASING = YES;
				CLANG_WARN_BOOL_CONVERSION = YES;
				CLANG_WARN_COMMA = YES;
				CLANG_WARN_CONSTANT_CONVERSION = YES;
				CLANG_WARN_DEPRECATED_OBJC_IMPLEMENTATIONS = YES;
				CLANG_WARN_DIRECT_OBJC_ISA_USAGE = YES_ERROR;
				CLANG_WARN_DOCUMENTATION_COMMENTS = YES;
				CLANG_WARN_EMPTY_BODY = YES;
				CLANG_WARN_ENUM_CONVERSION = YES;
				CLANG_WARN_INFINITE_RECURSION = YES;
				CLANG_WARN_INT_CONVERSION = YES;
				CLANG_WARN_NON_LITERAL_NULL_CONVERSION = YES;
				CLANG_WARN_OBJC_IMPLICIT_RETAIN_SELF = YES;
				CLANG_WARN_OBJC_LITERAL_CONVERSION = YES;
				CLANG_WARN_OBJC_ROOT_CLASS = YES_ERROR;
				CLANG_WARN_QUOTED_INCLUDE_IN_FRAMEWORK_HEADER = YES;
				CLANG_WARN_RANGE_LOOP_ANALYSIS = YES;
				CLANG_WARN_STRICT_PROTOTYPES = YES;
				CLANG_WARN_SUSPICIOUS_MOVE = YES;
				CLANG_WARN_UNGUARDED_AVAILABILITY = YES_AGGRESSIVE;
				CLANG_WARN_UNREACHABLE_CODE = YES;
				CLANG_WARN__DUPLICATE_METHOD_MATCH = YES;
				COPY_PHASE_STRIP = NO;
				DEBUG_INFORMATION_FORMAT = "dwarf-with-dsym";
				ENABLE_NS_ASSERTIONS = NO;
				ENABLE_STRICT_OBJC_MSGSEND = YES;
				GCC_C_LANGUAGE_STANDARD = gnu11;
				GCC_NO_COMMON_BLOCKS = YES;
				GCC_WARN_64_TO_32_BIT_CONVERSION = YES;
				GCC_WARN_ABOUT_RETURN_TYPE = YES_ERROR;
				GCC_WARN_UNDECLARED_SELECTOR = YES;
				GCC_WARN_UNINITIALIZED_AUTOS = YES_AGGRESSIVE;
				GCC_WARN_UNUSED_FUNCTION = YES;
				GCC_WARN_UNUSED_VARIABLE = YES;
				MACOSX_DEPLOYMENT_TARGET = 11.4;
				MTL_ENABLE_DEBUG_INFO = NO;
				MTL_FAST_MATH = YES;
				SDKROOT = macosx;
			};
			name = Release;
		};
		F09A5F51287B9E650096F06E /* Debug */ = {
			isa = XCBuildConfiguration;
			buildSettings = {
				CODE_SIGN_STYLE = Automatic;
				FRAMEWORK_SEARCH_PATHS = "$(LOCAL_LIBRARY_DIR)/Frameworks";
				HEADER_SEARCH_PATHS = "$(SRCROOT)/libs/SFML/include";
				LIBRARY_SEARCH_PATHS = (
					"$(inherited)",
					/usr/local/Cellar/sfml/2.5.1_1/lib,
				);
				PRODUCT_NAME = "$(TARGET_NAME)";
			};
			name = Debug;
		};
		F09A5F52287B9E650096F06E /* Release */ = {
			isa = XCBuildConfiguration;
			buildSettings = {
				CODE_SIGN_STYLE = Automatic;
				FRAMEWORK_SEARCH_PATHS = "$(LOCAL_LIBRARY_DIR)/Frameworks";
				HEADER_SEARCH_PATHS = "$(SRCROOT)/libs/SFML/include";
				LIBRARY_SEARCH_PATHS = (
					"$(inherited)",
					/usr/local/Cellar/sfml/2.5.1_1/lib,
				);
				PRODUCT_NAME = "$(TARGET_NAME)";
			};
			name = Release;
		};
/* End XCBuildConfiguration section */

/* Begin XCConfigurationList section */
		F09A5F44287B9E650096F06E /* Build configuration list for PBXProject "Sense" */ = {
			isa = XCConfigurationList;
			buildConfigurations = (
				F09A5F4E287B9E650096F06E /* Debug */,
				F09A5F4F287B9E650096F06E /* Release */,
			);
			defaultConfigurationIsVisible = 0;
			defaultConfigurationName = Release;
		};
		F09A5F50287B9E650096F06E /* Build configuration list for PBXNativeTarget "Sense" */ = {
			isa = XCConfigurationList;
			buildConfigurations = (
				F09A5F51287B9E650096F06E /* Debug */,
				F09A5F52287B9E650096F06E /* Release */,
			);
			defaultConfigurationIsVisible = 0;
			defaultConfigurationName = Release;
		};
/* End XCConfigurationList section */
	};
	rootObject = F09A5F41287B9E650096F06E /* Project object */;
}
