// !$*UTF8*$!
{
	archiveVersion = 1;
	classes = {
	};
	objectVersion = 55;
	objects = {

/* Begin PBXBuildFile section */
		F0CF7FF2288305190080CF8C /* main.cpp in Sources */ = {isa = PBXBuildFile; fileRef = F0CF7FF1288305190080CF8C /* main.cpp */; };
		F0CF7FFE288305390080CF8C /* libsfml-audio.2.5.1.dylib in Frameworks */ = {isa = PBXBuildFile; fileRef = F0CF7FF9288305380080CF8C /* libsfml-audio.2.5.1.dylib */; };
		F0CF7FFF288305390080CF8C /* libsfml-audio.2.5.1.dylib in Embed Libraries */ = {isa = PBXBuildFile; fileRef = F0CF7FF9288305380080CF8C /* libsfml-audio.2.5.1.dylib */; settings = {ATTRIBUTES = (CodeSignOnCopy, ); }; };
		F0CF8000288305390080CF8C /* libsfml-network.2.5.1.dylib in Frameworks */ = {isa = PBXBuildFile; fileRef = F0CF7FFA288305380080CF8C /* libsfml-network.2.5.1.dylib */; };
		F0CF8001288305390080CF8C /* libsfml-network.2.5.1.dylib in Embed Libraries */ = {isa = PBXBuildFile; fileRef = F0CF7FFA288305380080CF8C /* libsfml-network.2.5.1.dylib */; settings = {ATTRIBUTES = (CodeSignOnCopy, ); }; };
		F0CF8002288305390080CF8C /* libsfml-window.2.5.1.dylib in Frameworks */ = {isa = PBXBuildFile; fileRef = F0CF7FFB288305380080CF8C /* libsfml-window.2.5.1.dylib */; };
		F0CF8003288305390080CF8C /* libsfml-window.2.5.1.dylib in Embed Libraries */ = {isa = PBXBuildFile; fileRef = F0CF7FFB288305380080CF8C /* libsfml-window.2.5.1.dylib */; settings = {ATTRIBUTES = (CodeSignOnCopy, ); }; };
		F0CF8004288305390080CF8C /* libsfml-graphics.2.5.1.dylib in Frameworks */ = {isa = PBXBuildFile; fileRef = F0CF7FFC288305380080CF8C /* libsfml-graphics.2.5.1.dylib */; };
		F0CF8005288305390080CF8C /* libsfml-graphics.2.5.1.dylib in Embed Libraries */ = {isa = PBXBuildFile; fileRef = F0CF7FFC288305380080CF8C /* libsfml-graphics.2.5.1.dylib */; settings = {ATTRIBUTES = (CodeSignOnCopy, ); }; };
		F0CF8006288305390080CF8C /* libsfml-system.2.5.1.dylib in Frameworks */ = {isa = PBXBuildFile; fileRef = F0CF7FFD288305390080CF8C /* libsfml-system.2.5.1.dylib */; };
		F0CF8007288305390080CF8C /* libsfml-system.2.5.1.dylib in Embed Libraries */ = {isa = PBXBuildFile; fileRef = F0CF7FFD288305390080CF8C /* libsfml-system.2.5.1.dylib */; settings = {ATTRIBUTES = (CodeSignOnCopy, ); }; };
/* End PBXBuildFile section */

/* Begin PBXCopyFilesBuildPhase section */
		F0CF7FEC288305190080CF8C /* CopyFiles */ = {
			isa = PBXCopyFilesBuildPhase;
			buildActionMask = 2147483647;
			dstPath = /usr/share/man/man1/;
			dstSubfolderSpec = 0;
			files = (
			);
			runOnlyForDeploymentPostprocessing = 1;
		};
		F0CF8008288305390080CF8C /* Embed Libraries */ = {
			isa = PBXCopyFilesBuildPhase;
			buildActionMask = 2147483647;
			dstPath = "";
			dstSubfolderSpec = 10;
			files = (
				F0CF8003288305390080CF8C /* libsfml-window.2.5.1.dylib in Embed Libraries */,
				F0CF7FFF288305390080CF8C /* libsfml-audio.2.5.1.dylib in Embed Libraries */,
				F0CF8007288305390080CF8C /* libsfml-system.2.5.1.dylib in Embed Libraries */,
				F0CF8001288305390080CF8C /* libsfml-network.2.5.1.dylib in Embed Libraries */,
				F0CF8005288305390080CF8C /* libsfml-graphics.2.5.1.dylib in Embed Libraries */,
			);
			name = "Embed Libraries";
			runOnlyForDeploymentPostprocessing = 0;
		};
/* End PBXCopyFilesBuildPhase section */

/* Begin PBXFileReference section */
		F0CF7FEE288305190080CF8C /* Uniform Grid Tooling */ = {isa = PBXFileReference; explicitFileType = "compiled.mach-o.executable"; includeInIndex = 0; path = "Uniform Grid Tooling"; sourceTree = BUILT_PRODUCTS_DIR; };
		F0CF7FF1288305190080CF8C /* main.cpp */ = {isa = PBXFileReference; lastKnownFileType = sourcecode.cpp.cpp; path = main.cpp; sourceTree = "<group>"; };
		F0CF7FF9288305380080CF8C /* libsfml-audio.2.5.1.dylib */ = {isa = PBXFileReference; lastKnownFileType = "compiled.mach-o.dylib"; name = "libsfml-audio.2.5.1.dylib"; path = "../../../../../../usr/local/Cellar/sfml/2.5.1_1/lib/libsfml-audio.2.5.1.dylib"; sourceTree = "<group>"; };
		F0CF7FFA288305380080CF8C /* libsfml-network.2.5.1.dylib */ = {isa = PBXFileReference; lastKnownFileType = "compiled.mach-o.dylib"; name = "libsfml-network.2.5.1.dylib"; path = "../../../../../../usr/local/Cellar/sfml/2.5.1_1/lib/libsfml-network.2.5.1.dylib"; sourceTree = "<group>"; };
		F0CF7FFB288305380080CF8C /* libsfml-window.2.5.1.dylib */ = {isa = PBXFileReference; lastKnownFileType = "compiled.mach-o.dylib"; name = "libsfml-window.2.5.1.dylib"; path = "../../../../../../usr/local/Cellar/sfml/2.5.1_1/lib/libsfml-window.2.5.1.dylib"; sourceTree = "<group>"; };
		F0CF7FFC288305380080CF8C /* libsfml-graphics.2.5.1.dylib */ = {isa = PBXFileReference; lastKnownFileType = "compiled.mach-o.dylib"; name = "libsfml-graphics.2.5.1.dylib"; path = "../../../../../../usr/local/Cellar/sfml/2.5.1_1/lib/libsfml-graphics.2.5.1.dylib"; sourceTree = "<group>"; };
		F0CF7FFD288305390080CF8C /* libsfml-system.2.5.1.dylib */ = {isa = PBXFileReference; lastKnownFileType = "compiled.mach-o.dylib"; name = "libsfml-system.2.5.1.dylib"; path = "../../../../../../usr/local/Cellar/sfml/2.5.1_1/lib/libsfml-system.2.5.1.dylib"; sourceTree = "<group>"; };
		F0CF8009288306720080CF8C /* include */ = {isa = PBXFileReference; lastKnownFileType = folder; path = include; sourceTree = "<group>"; };
/* End PBXFileReference section */

/* Begin PBXFrameworksBuildPhase section */
		F0CF7FEB288305190080CF8C /* Frameworks */ = {
			isa = PBXFrameworksBuildPhase;
			buildActionMask = 2147483647;
			files = (
				F0CF8002288305390080CF8C /* libsfml-window.2.5.1.dylib in Frameworks */,
				F0CF7FFE288305390080CF8C /* libsfml-audio.2.5.1.dylib in Frameworks */,
				F0CF8006288305390080CF8C /* libsfml-system.2.5.1.dylib in Frameworks */,
				F0CF8000288305390080CF8C /* libsfml-network.2.5.1.dylib in Frameworks */,
				F0CF8004288305390080CF8C /* libsfml-graphics.2.5.1.dylib in Frameworks */,
			);
			runOnlyForDeploymentPostprocessing = 0;
		};
/* End PBXFrameworksBuildPhase section */

/* Begin PBXGroup section */
		F0CF7FE5288305190080CF8C = {
			isa = PBXGroup;
			children = (
				F0CF7FF0288305190080CF8C /* Uniform Grid Tooling */,
				F0CF7FEF288305190080CF8C /* Products */,
				F0CF7FF8288305380080CF8C /* Frameworks */,
			);
			sourceTree = "<group>";
		};
		F0CF7FEF288305190080CF8C /* Products */ = {
			isa = PBXGroup;
			children = (
				F0CF7FEE288305190080CF8C /* Uniform Grid Tooling */,
			);
			name = Products;
			sourceTree = "<group>";
		};
		F0CF7FF0288305190080CF8C /* Uniform Grid Tooling */ = {
			isa = PBXGroup;
			children = (
				F0CF8009288306720080CF8C /* include */,
				F0CF7FF1288305190080CF8C /* main.cpp */,
			);
			path = "Uniform Grid Tooling";
			sourceTree = "<group>";
		};
		F0CF7FF8288305380080CF8C /* Frameworks */ = {
			isa = PBXGroup;
			children = (
				F0CF7FF9288305380080CF8C /* libsfml-audio.2.5.1.dylib */,
				F0CF7FFC288305380080CF8C /* libsfml-graphics.2.5.1.dylib */,
				F0CF7FFA288305380080CF8C /* libsfml-network.2.5.1.dylib */,
				F0CF7FFD288305390080CF8C /* libsfml-system.2.5.1.dylib */,
				F0CF7FFB288305380080CF8C /* libsfml-window.2.5.1.dylib */,
			);
			name = Frameworks;
			sourceTree = "<group>";
		};
/* End PBXGroup section */

/* Begin PBXNativeTarget section */
		F0CF7FED288305190080CF8C /* Uniform Grid Tooling */ = {
			isa = PBXNativeTarget;
			buildConfigurationList = F0CF7FF5288305190080CF8C /* Build configuration list for PBXNativeTarget "Uniform Grid Tooling" */;
			buildPhases = (
				F0CF7FEA288305190080CF8C /* Sources */,
				F0CF7FEB288305190080CF8C /* Frameworks */,
				F0CF7FEC288305190080CF8C /* CopyFiles */,
				F0CF8008288305390080CF8C /* Embed Libraries */,
			);
			buildRules = (
			);
			dependencies = (
			);
			name = "Uniform Grid Tooling";
			productName = "Uniform Grid Tooling";
			productReference = F0CF7FEE288305190080CF8C /* Uniform Grid Tooling */;
			productType = "com.apple.product-type.tool";
		};
/* End PBXNativeTarget section */

/* Begin PBXProject section */
		F0CF7FE6288305190080CF8C /* Project object */ = {
			isa = PBXProject;
			attributes = {
				BuildIndependentTargetsInParallel = 1;
				LastUpgradeCheck = 1320;
				TargetAttributes = {
					F0CF7FED288305190080CF8C = {
						CreatedOnToolsVersion = 13.2.1;
					};
				};
			};
			buildConfigurationList = F0CF7FE9288305190080CF8C /* Build configuration list for PBXProject "Uniform Grid Tooling" */;
			compatibilityVersion = "Xcode 13.0";
			developmentRegion = en;
			hasScannedForEncodings = 0;
			knownRegions = (
				en,
				Base,
			);
			mainGroup = F0CF7FE5288305190080CF8C;
			productRefGroup = F0CF7FEF288305190080CF8C /* Products */;
			projectDirPath = "";
			projectRoot = "";
			targets = (
				F0CF7FED288305190080CF8C /* Uniform Grid Tooling */,
			);
		};
/* End PBXProject section */

/* Begin PBXSourcesBuildPhase section */
		F0CF7FEA288305190080CF8C /* Sources */ = {
			isa = PBXSourcesBuildPhase;
			buildActionMask = 2147483647;
			files = (
				F0CF7FF2288305190080CF8C /* main.cpp in Sources */,
			);
			runOnlyForDeploymentPostprocessing = 0;
		};
/* End PBXSourcesBuildPhase section */

/* Begin XCBuildConfiguration section */
		F0CF7FF3288305190080CF8C /* Debug */ = {
			isa = XCBuildConfiguration;
			buildSettings = {
				ALWAYS_SEARCH_USER_PATHS = NO;
				CLANG_ANALYZER_NONNULL = YES;
				CLANG_ANALYZER_NUMBER_OBJECT_CONVERSION = YES_AGGRESSIVE;
				CLANG_CXX_LANGUAGE_STANDARD = "gnu++17";
				CLANG_CXX_LIBRARY = "libc++";
				CLANG_ENABLE_MODULES = YES;
				CLANG_ENABLE_OBJC_ARC = YES;
				CLANG_ENABLE_OBJC_WEAK = YES;
				CLANG_WARN_BLOCK_CAPTURE_AUTORELEASING = YES;
				CLANG_WARN_BOOL_CONVERSION = YES;
				CLANG_WARN_COMMA = YES;
				CLANG_WARN_CONSTANT_CONVERSION = YES;
				CLANG_WARN_DEPRECATED_OBJC_IMPLEMENTATIONS = YES;
				CLANG_WARN_DIRECT_OBJC_ISA_USAGE = YES_ERROR;
				CLANG_WARN_DOCUMENTATION_COMMENTS = YES;
				CLANG_WARN_EMPTY_BODY = YES;
				CLANG_WARN_ENUM_CONVERSION = YES;
				CLANG_WARN_INFINITE_RECURSION = YES;
				CLANG_WARN_INT_CONVERSION = YES;
				CLANG_WARN_NON_LITERAL_NULL_CONVERSION = YES;
				CLANG_WARN_OBJC_IMPLICIT_RETAIN_SELF = YES;
				CLANG_WARN_OBJC_LITERAL_CONVERSION = YES;
				CLANG_WARN_OBJC_ROOT_CLASS = YES_ERROR;
				CLANG_WARN_QUOTED_INCLUDE_IN_FRAMEWORK_HEADER = YES;
				CLANG_WARN_RANGE_LOOP_ANALYSIS = YES;
				CLANG_WARN_STRICT_PROTOTYPES = YES;
				CLANG_WARN_SUSPICIOUS_MOVE = YES;
				CLANG_WARN_UNGUARDED_AVAILABILITY = YES_AGGRESSIVE;
				CLANG_WARN_UNREACHABLE_CODE = YES;
				CLANG_WARN__DUPLICATE_METHOD_MATCH = YES;
				COPY_PHASE_STRIP = NO;
				DEBUG_INFORMATION_FORMAT = dwarf;
				ENABLE_STRICT_OBJC_MSGSEND = YES;
				ENABLE_TESTABILITY = YES;
				GCC_C_LANGUAGE_STANDARD = gnu11;
				GCC_DYNAMIC_NO_PIC = NO;
				GCC_NO_COMMON_BLOCKS = YES;
				GCC_OPTIMIZATION_LEVEL = 0;
				GCC_PREPROCESSOR_DEFINITIONS = (
					"DEBUG=1",
					"$(inherited)",
				);
				GCC_WARN_64_TO_32_BIT_CONVERSION = YES;
				GCC_WARN_ABOUT_RETURN_TYPE = YES_ERROR;
				GCC_WARN_UNDECLARED_SELECTOR = YES;
				GCC_WARN_UNINITIALIZED_AUTOS = YES_AGGRESSIVE;
				GCC_WARN_UNUSED_FUNCTION = YES;
				GCC_WARN_UNUSED_VARIABLE = YES;
				MACOSX_DEPLOYMENT_TARGET = 11.4;
				MTL_ENABLE_DEBUG_INFO = INCLUDE_SOURCE;
				MTL_FAST_MATH = YES;
				ONLY_ACTIVE_ARCH = YES;
				SDKROOT = macosx;
			};
			name = Debug;
		};
		F0CF7FF4288305190080CF8C /* Release */ = {
			isa = XCBuildConfiguration;
			buildSettings = {
				ALWAYS_SEARCH_USER_PATHS = NO;
				CLANG_ANALYZER_NONNULL = YES;
				CLANG_ANALYZER_NUMBER_OBJECT_CONVERSION = YES_AGGRESSIVE;
				CLANG_CXX_LANGUAGE_STANDARD = "gnu++17";
				CLANG_CXX_LIBRARY = "libc++";
				CLANG_ENABLE_MODULES = YES;
				CLANG_ENABLE_OBJC_ARC = YES;
				CLANG_ENABLE_OBJC_WEAK = YES;
				CLANG_WARN_BLOCK_CAPTURE_AUTORELEASING = YES;
				CLANG_WARN_BOOL_CONVERSION = YES;
				CLANG_WARN_COMMA = YES;
				CLANG_WARN_CONSTANT_CONVERSION = YES;
				CLANG_WARN_DEPRECATED_OBJC_IMPLEMENTATIONS = YES;
				CLANG_WARN_DIRECT_OBJC_ISA_USAGE = YES_ERROR;
				CLANG_WARN_DOCUMENTATION_COMMENTS = YES;
				CLANG_WARN_EMPTY_BODY = YES;
				CLANG_WARN_ENUM_CONVERSION = YES;
				CLANG_WARN_INFINITE_RECURSION = YES;
				CLANG_WARN_INT_CONVERSION = YES;
				CLANG_WARN_NON_LITERAL_NULL_CONVERSION = YES;
				CLANG_WARN_OBJC_IMPLICIT_RETAIN_SELF = YES;
				CLANG_WARN_OBJC_LITERAL_CONVERSION = YES;
				CLANG_WARN_OBJC_ROOT_CLASS = YES_ERROR;
				CLANG_WARN_QUOTED_INCLUDE_IN_FRAMEWORK_HEADER = YES;
				CLANG_WARN_RANGE_LOOP_ANALYSIS = YES;
				CLANG_WARN_STRICT_PROTOTYPES = YES;
				CLANG_WARN_SUSPICIOUS_MOVE = YES;
				CLANG_WARN_UNGUARDED_AVAILABILITY = YES_AGGRESSIVE;
				CLANG_WARN_UNREACHABLE_CODE = YES;
				CLANG_WARN__DUPLICATE_METHOD_MATCH = YES;
				COPY_PHASE_STRIP = NO;
				DEBUG_INFORMATION_FORMAT = "dwarf-with-dsym";
				ENABLE_NS_ASSERTIONS = NO;
				ENABLE_STRICT_OBJC_MSGSEND = YES;
				GCC_C_LANGUAGE_STANDARD = gnu11;
				GCC_NO_COMMON_BLOCKS = YES;
				GCC_WARN_64_TO_32_BIT_CONVERSION = YES;
				GCC_WARN_ABOUT_RETURN_TYPE = YES_ERROR;
				GCC_WARN_UNDECLARED_SELECTOR = YES;
				GCC_WARN_UNINITIALIZED_AUTOS = YES_AGGRESSIVE;
				GCC_WARN_UNUSED_FUNCTION = YES;
				GCC_WARN_UNUSED_VARIABLE = YES;
				MACOSX_DEPLOYMENT_TARGET = 11.4;
				MTL_ENABLE_DEBUG_INFO = NO;
				MTL_FAST_MATH = YES;
				SDKROOT = macosx;
			};
			name = Release;
		};
		F0CF7FF6288305190080CF8C /* Debug */ = {
			isa = XCBuildConfiguration;
			buildSettings = {
				CODE_SIGN_STYLE = Automatic;
				FRAMEWORK_SEARCH_PATHS = /Library/Frameworks;
				HEADER_SEARCH_PATHS = (
					"$(SRCROOT)/include",
					"$(SRCROOT)/libs/SFML",
				);
				LIBRARY_SEARCH_PATHS = (
					"$(inherited)",
					/usr/local/Cellar/sfml/2.5.1_1/lib,
				);
				PRODUCT_NAME = "$(TARGET_NAME)";
			};
			name = Debug;
		};
		F0CF7FF7288305190080CF8C /* Release */ = {
			isa = XCBuildConfiguration;
			buildSettings = {
				CODE_SIGN_STYLE = Automatic;
				FRAMEWORK_SEARCH_PATHS = /Library/Frameworks;
				HEADER_SEARCH_PATHS = (
					"$(SRCROOT)/include",
					"$(SRCROOT)/libs/SFML",
				);
				LIBRARY_SEARCH_PATHS = (
					"$(inherited)",
					/usr/local/Cellar/sfml/2.5.1_1/lib,
				);
				PRODUCT_NAME = "$(TARGET_NAME)";
			};
			name = Release;
		};
/* End XCBuildConfiguration section */

/* Begin XCConfigurationList section */
		F0CF7FE9288305190080CF8C /* Build configuration list for PBXProject "Uniform Grid Tooling" */ = {
			isa = XCConfigurationList;
			buildConfigurations = (
				F0CF7FF3288305190080CF8C /* Debug */,
				F0CF7FF4288305190080CF8C /* Release */,
			);
			defaultConfigurationIsVisible = 0;
			defaultConfigurationName = Release;
		};
		F0CF7FF5288305190080CF8C /* Build configuration list for PBXNativeTarget "Uniform Grid Tooling" */ = {
			isa = XCConfigurationList;
			buildConfigurations = (
				F0CF7FF6288305190080CF8C /* Debug */,
				F0CF7FF7288305190080CF8C /* Release */,
			);
			defaultConfigurationIsVisible = 0;
			defaultConfigurationName = Release;
		};
/* End XCConfigurationList section */
	};
	rootObject = F0CF7FE6288305190080CF8C /* Project object */;
}
